# This file is automatically @generated by Poetry 1.8.2 and should not be changed by hand.

[[package]]
name = "json5"
version = "0.10.0"
description = "A Python implementation of the JSON5 data format."
optional = false
python-versions = ">=3.8.0"
files = [
    {file = "json5-0.10.0-py3-none-any.whl", hash = "sha256:19b23410220a7271e8377f81ba8aacba2fdd56947fbb137ee5977cbe1f5e8dfa"},
    {file = "json5-0.10.0.tar.gz", hash = "sha256:e66941c8f0a02026943c52c2eb34ebeb2a6f819a0be05920a6f5243cd30fd559"},
]

[package.extras]
dev = ["build (==1.2.2.post1)", "coverage (==7.5.3)", "mypy (==1.13.0)", "pip (==24.3.1)", "pylint (==3.2.3)", "ruff (==0.7.3)", "twine (==5.1.1)", "uv (==0.5.1)"]

[metadata]
lock-version = "2.0"
python-versions = "^3.12"
content-hash = "665c183f5d670f213b55970c41125be2edc780a8c8a775e5daa3154d4082af7d"
